"functions":
- "name": "*clock.WithDeadline"
  "params":
  - "name": "parent"
    "type": "Context"
  - "name": "d"
    "type": "Time"
  - "name": "context.Context"
    "type": "Context"
  - "name": "context.CancelFunc"
    "type": "CancelFunc"
  "return_type": "(context.Context, context.CancelFunc)"
  "signature": "(*clock) *clock.WithDeadline(context.Context,time.Time,context.Context,context.CancelFunc) (context.Context, context.CancelFunc)"
- "name": "*clock.WithTimeout"
  "params":
  - "name": "context.Context"
    "type": "Context"
  - "name": "context.CancelFunc"
    "type": "CancelFunc"
  - "name": "parent"
    "type": "Context"
  - "name": "t"
    "type": "Duration"
  "return_type": "(context.Context, context.CancelFunc)"
  "signature": "(*clock) *clock.WithTimeout(context.Context,context.CancelFunc,context.Context,time.Duration) (context.Context, context.CancelFunc)"
- "name": "warnf"
  "params":
  - "name": "msg"
    "type": "string"
  - "name": "v"
    "type": "interface{}"
  "return_type": "void"
  "signature": "warnf(string,interface{})"
- "name": "*clock.Until"
  "params":
  - "name": "t"
    "type": "Time"
  "return_type": "time.Duration"
  "signature": "(*clock) *clock.Until(time.Time) time.Duration"
- "name": "*clock.Since"
  "params":
  - "name": "t"
    "type": "Time"
  "return_type": "time.Duration"
  "signature": "(*clock) *clock.Since(time.Time) time.Duration"
"language": "go"
"project": "clock"
"target_name": "fuzz_test"
"target_path": "/src/clock/fuzz_test.go"
